<Solution>
  <Folder Name="/src/">
    <Project Path="src/AuthenticationProject.Api/AuthenticationProject.Api.csproj" />
    <Project Path="src/AuthenticationProject.Application/AuthenticationProject.Application.csproj" />
    <Project Path="src/AuthenticationProject.Domain/AuthenticationProject.Domain.csproj" />
    <Project Path="src/AuthenticationProject.Infrastructure/AuthenticationProject.Infrastructure.csproj" />
  </Folder>
</Solution>
